# This file is automatically @generated by Cargo.
# It is not intended for manual editing.
version = 4

[[package]]
name = "archwarden-cache"
version = "0.0.0"

[[package]]
name = "archwarden-cli"
version = "0.0.0"

[[package]]
name = "archwarden-config"
version = "0.0.0"

[[package]]
name = "archwarden-core"
version = "0.0.0"

[[package]]
name = "archwarden-engine"
version = "0.0.0"

[[package]]
name = "archwarden-parser"
version = "0.0.0"

[[package]]
name = "archwarden-resolver"
version = "0.0.0"

[[package]]
name = "archwarden-rules"
version = "0.0.0"

[[package]]
name = "xtask"
version = "0.0.0"
